
Microsoft Visual Studio Solution File, Format Version 12.00
# Visual Studio Version 16
VisualStudioVersion = 16.0.31424.327
MinimumVisualStudioVersion = 10.0.40219.1
Project("{FAE04EC0-301F-11D3-BF4B-00C04F79EFBC}") = "SalesReporter", "SalesReporter\SalesReporter.csproj", "{0D33B63D-490F-44F7-BAFA-BAE6569F08B0}"
EndProject
Project("{FAE04EC0-301F-11D3-BF4B-00C04F79EFBC}") = "SalesReporter.Models", "SalesReporter.Models\SalesReporter.Models.csproj", "{C3EACB83-52A4-483D-91F0-2B2D71594071}"
EndProject
Project("{FAE04EC0-301F-11D3-BF4B-00C04F79EFBC}") = "SalesReporter.DataLayer", "SalesReporter.DataLayer\SalesReporter.DataLayer.csproj", "{690B2BFB-C384-481E-B47C-64FF833BDB3C}"
EndProject
Project("{FAE04EC0-301F-11D3-BF4B-00C04F79EFBC}") = "SalesReporter.Core", "SalesReporter.Core\SalesReporter.Core.csproj", "{743B1281-09FE-4DD6-A774-1D9830A7C392}"
EndProject
Global
	GlobalSection(SolutionConfigurationPlatforms) = preSolution
		Debug|Any CPU = Debug|Any CPU
		Release|Any CPU = Release|Any CPU
	EndGlobalSection
	GlobalSection(ProjectConfigurationPlatforms) = postSolution
		{0D33B63D-490F-44F7-BAFA-BAE6569F08B0}.Debug|Any CPU.ActiveCfg = Debug|Any CPU
		{0D33B63D-490F-44F7-BAFA-BAE6569F08B0}.Debug|Any CPU.Build.0 = Debug|Any CPU
		{0D33B63D-490F-44F7-BAFA-BAE6569F08B0}.Release|Any CPU.ActiveCfg = Release|Any CPU
		{0D33B63D-490F-44F7-BAFA-BAE6569F08B0}.Release|Any CPU.Build.0 = Release|Any CPU
		{C3EACB83-52A4-483D-91F0-2B2D71594071}.Debug|Any CPU.ActiveCfg = Debug|Any CPU
		{C3EACB83-52A4-483D-91F0-2B2D71594071}.Debug|Any CPU.Build.0 = Debug|Any CPU
		{C3EACB83-52A4-483D-91F0-2B2D71594071}.Release|Any CPU.ActiveCfg = Release|Any CPU
		{C3EACB83-52A4-483D-91F0-2B2D71594071}.Release|Any CPU.Build.0 = Release|Any CPU
		{690B2BFB-C384-481E-B47C-64FF833BDB3C}.Debug|Any CPU.ActiveCfg = Debug|Any CPU
		{690B2BFB-C384-481E-B47C-64FF833BDB3C}.Debug|Any CPU.Build.0 = Debug|Any CPU
		{690B2BFB-C384-481E-B47C-64FF833BDB3C}.Release|Any CPU.ActiveCfg = Release|Any CPU
		{690B2BFB-C384-481E-B47C-64FF833BDB3C}.Release|Any CPU.Build.0 = Release|Any CPU
		{743B1281-09FE-4DD6-A774-1D9830A7C392}.Debug|Any CPU.ActiveCfg = Debug|Any CPU
		{743B1281-09FE-4DD6-A774-1D9830A7C392}.Debug|Any CPU.Build.0 = Debug|Any CPU
		{743B1281-09FE-4DD6-A774-1D9830A7C392}.Release|Any CPU.ActiveCfg = Release|Any CPU
		{743B1281-09FE-4DD6-A774-1D9830A7C392}.Release|Any CPU.Build.0 = Release|Any CPU
	EndGlobalSection
	GlobalSection(SolutionProperties) = preSolution
		HideSolutionNode = FALSE
	EndGlobalSection
	GlobalSection(ExtensibilityGlobals) = postSolution
		SolutionGuid = {E3D551EB-CE8C-4E14-81FC-AB473693A79F}
	EndGlobalSection
EndGlobal
